
Microsoft Visual Studio Solution File, Format Version 12.00
# Visual Studio Version 16
VisualStudioVersion = 16.0.29418.71
MinimumVisualStudioVersion = 10.0.40219.1
Project("{9A19103F-16F7-4668-BE54-9A1E7A4F7556}") = "Apache.Ignite.Linq", "Apache.Ignite.Linq\Apache.Ignite.Linq.csproj", "{E53F0851-A7E7-4ACB-9E3F-B14753354934}"
EndProject
Project("{FAE04EC0-301F-11D3-BF4B-00C04F79EFBC}") = "Common", "Common\Common.csproj", "{66C7B06B-EBD3-4C9B-A797-98D3D81A1B1D}"
EndProject
Project("{FAE04EC0-301F-11D3-BF4B-00C04F79EFBC}") = "Common.DAL", "Common.DAL\Common.DAL.csproj", "{3DF998BE-70C4-4E9F-94BA-D76DBBEB0193}"
EndProject
Project("{9A19103F-16F7-4668-BE54-9A1E7A4F7556}") = "Common.DAL.Cache", "Common.DAL.Cache\Common.DAL.Cache.csproj", "{DE97FFD5-D1A9-48B6-9FD8-D414195E49AF}"
EndProject
Project("{9A19103F-16F7-4668-BE54-9A1E7A4F7556}") = "Common.MessageQueueClient", "Common.MessageQueueClient\Common.MessageQueueClient.csproj", "{EC704F5B-5245-4E10-B437-5346CB32A00A}"
EndProject
Project("{9A19103F-16F7-4668-BE54-9A1E7A4F7556}") = "Common.Model", "Common.Model\Common.Model.csproj", "{FA0ADDD1-A099-4C15-A072-253CA667F909}"
EndProject
Project("{9A19103F-16F7-4668-BE54-9A1E7A4F7556}") = "Common.ServiceCommon", "Common.ServiceCommon\Common.ServiceCommon.csproj", "{0B3411BF-6BCF-4260-B27C-A465CA443E66}"
EndProject
Project("{9A19103F-16F7-4668-BE54-9A1E7A4F7556}") = "Common.Validation", "Common.Validation\Common.Validation.csproj", "{62C3D8CA-2AD0-4906-A8BE-A731599610A5}"
EndProject
Project("{9A19103F-16F7-4668-BE54-9A1E7A4F7556}") = "TestWebAPI", "TestWebAPI\TestWebAPI.csproj", "{6EE69A23-58F3-417C-8AC5-075E4C725ED4}"
EndProject
Project("{9A19103F-16F7-4668-BE54-9A1E7A4F7556}") = "Common.DAL.ETL", "Common.DAL.ETL\Common.DAL.ETL.csproj", "{49415CB7-68F4-43A2-B874-1607C8171FC4}"
EndProject
Project("{9A19103F-16F7-4668-BE54-9A1E7A4F7556}") = "Common.DAL.Transaction", "Common.DAL.Transaction\Common.DAL.Transaction.csproj", "{8F58FCD7-EC8D-4625-AC04-147F28142F56}"
EndProject
Project("{9A19103F-16F7-4668-BE54-9A1E7A4F7556}") = "Common.RPC", "Common.RPC\Common.RPC.csproj", "{EC769BE9-D25E-4A63-BD67-117EC9EB0E19}"
EndProject
Project("{9A19103F-16F7-4668-BE54-9A1E7A4F7556}") = "ResourceManager", "ResourceManager\ResourceManager.csproj", "{72E59763-455C-494E-98D6-253A4A7245CA}"
EndProject
Project("{FAE04EC0-301F-11D3-BF4B-00C04F79EFBC}") = "TestConsole", "TestConsole\TestConsole.csproj", "{E3569904-2212-4D8C-893A-67CBDDC60B3F}"
EndProject
Project("{FAE04EC0-301F-11D3-BF4B-00C04F79EFBC}") = "Common.Compute", "Common.Compute\Common.Compute.csproj", "{10956496-9FFA-4F04-A43F-E42A00853728}"
EndProject
Project("{FAE04EC0-301F-11D3-BF4B-00C04F79EFBC}") = "UDPConsoleA", "UDPConsoleA\UDPConsoleA.csproj", "{3B105BB8-BCAF-45F4-A821-6151C4B16D41}"
EndProject
Project("{FAE04EC0-301F-11D3-BF4B-00C04F79EFBC}") = "UDPConsoleB", "UDPConsoleB\UDPConsoleB.csproj", "{19B813D3-EDEC-4C35-A33B-4BB2A88D358B}"
EndProject
Global
	GlobalSection(SolutionConfigurationPlatforms) = preSolution
		Debug|Any CPU = Debug|Any CPU
		Release|Any CPU = Release|Any CPU
	EndGlobalSection
	GlobalSection(ProjectConfigurationPlatforms) = postSolution
		{E53F0851-A7E7-4ACB-9E3F-B14753354934}.Debug|Any CPU.ActiveCfg = Debug|Any CPU
		{E53F0851-A7E7-4ACB-9E3F-B14753354934}.Debug|Any CPU.Build.0 = Debug|Any CPU
		{E53F0851-A7E7-4ACB-9E3F-B14753354934}.Release|Any CPU.ActiveCfg = Release|Any CPU
		{E53F0851-A7E7-4ACB-9E3F-B14753354934}.Release|Any CPU.Build.0 = Release|Any CPU
		{66C7B06B-EBD3-4C9B-A797-98D3D81A1B1D}.Debug|Any CPU.ActiveCfg = Debug|Any CPU
		{66C7B06B-EBD3-4C9B-A797-98D3D81A1B1D}.Debug|Any CPU.Build.0 = Debug|Any CPU
		{66C7B06B-EBD3-4C9B-A797-98D3D81A1B1D}.Release|Any CPU.ActiveCfg = Release|Any CPU
		{66C7B06B-EBD3-4C9B-A797-98D3D81A1B1D}.Release|Any CPU.Build.0 = Release|Any CPU
		{3DF998BE-70C4-4E9F-94BA-D76DBBEB0193}.Debug|Any CPU.ActiveCfg = Debug|Any CPU
		{3DF998BE-70C4-4E9F-94BA-D76DBBEB0193}.Debug|Any CPU.Build.0 = Debug|Any CPU
		{3DF998BE-70C4-4E9F-94BA-D76DBBEB0193}.Release|Any CPU.ActiveCfg = Release|Any CPU
		{3DF998BE-70C4-4E9F-94BA-D76DBBEB0193}.Release|Any CPU.Build.0 = Release|Any CPU
		{DE97FFD5-D1A9-48B6-9FD8-D414195E49AF}.Debug|Any CPU.ActiveCfg = Debug|Any CPU
		{DE97FFD5-D1A9-48B6-9FD8-D414195E49AF}.Debug|Any CPU.Build.0 = Debug|Any CPU
		{DE97FFD5-D1A9-48B6-9FD8-D414195E49AF}.Release|Any CPU.ActiveCfg = Release|Any CPU
		{DE97FFD5-D1A9-48B6-9FD8-D414195E49AF}.Release|Any CPU.Build.0 = Release|Any CPU
		{EC704F5B-5245-4E10-B437-5346CB32A00A}.Debug|Any CPU.ActiveCfg = Debug|Any CPU
		{EC704F5B-5245-4E10-B437-5346CB32A00A}.Debug|Any CPU.Build.0 = Debug|Any CPU
		{EC704F5B-5245-4E10-B437-5346CB32A00A}.Release|Any CPU.ActiveCfg = Release|Any CPU
		{EC704F5B-5245-4E10-B437-5346CB32A00A}.Release|Any CPU.Build.0 = Release|Any CPU
		{FA0ADDD1-A099-4C15-A072-253CA667F909}.Debug|Any CPU.ActiveCfg = Debug|Any CPU
		{FA0ADDD1-A099-4C15-A072-253CA667F909}.Debug|Any CPU.Build.0 = Debug|Any CPU
		{FA0ADDD1-A099-4C15-A072-253CA667F909}.Release|Any CPU.ActiveCfg = Release|Any CPU
		{FA0ADDD1-A099-4C15-A072-253CA667F909}.Release|Any CPU.Build.0 = Release|Any CPU
		{0B3411BF-6BCF-4260-B27C-A465CA443E66}.Debug|Any CPU.ActiveCfg = Debug|Any CPU
		{0B3411BF-6BCF-4260-B27C-A465CA443E66}.Debug|Any CPU.Build.0 = Debug|Any CPU
		{0B3411BF-6BCF-4260-B27C-A465CA443E66}.Release|Any CPU.ActiveCfg = Release|Any CPU
		{0B3411BF-6BCF-4260-B27C-A465CA443E66}.Release|Any CPU.Build.0 = Release|Any CPU
		{62C3D8CA-2AD0-4906-A8BE-A731599610A5}.Debug|Any CPU.ActiveCfg = Debug|Any CPU
		{62C3D8CA-2AD0-4906-A8BE-A731599610A5}.Debug|Any CPU.Build.0 = Debug|Any CPU
		{62C3D8CA-2AD0-4906-A8BE-A731599610A5}.Release|Any CPU.ActiveCfg = Release|Any CPU
		{62C3D8CA-2AD0-4906-A8BE-A731599610A5}.Release|Any CPU.Build.0 = Release|Any CPU
		{6EE69A23-58F3-417C-8AC5-075E4C725ED4}.Debug|Any CPU.ActiveCfg = Debug|Any CPU
		{6EE69A23-58F3-417C-8AC5-075E4C725ED4}.Debug|Any CPU.Build.0 = Debug|Any CPU
		{6EE69A23-58F3-417C-8AC5-075E4C725ED4}.Release|Any CPU.ActiveCfg = Release|Any CPU
		{6EE69A23-58F3-417C-8AC5-075E4C725ED4}.Release|Any CPU.Build.0 = Release|Any CPU
		{49415CB7-68F4-43A2-B874-1607C8171FC4}.Debug|Any CPU.ActiveCfg = Debug|Any CPU
		{49415CB7-68F4-43A2-B874-1607C8171FC4}.Debug|Any CPU.Build.0 = Debug|Any CPU
		{49415CB7-68F4-43A2-B874-1607C8171FC4}.Release|Any CPU.ActiveCfg = Release|Any CPU
		{49415CB7-68F4-43A2-B874-1607C8171FC4}.Release|Any CPU.Build.0 = Release|Any CPU
		{8F58FCD7-EC8D-4625-AC04-147F28142F56}.Debug|Any CPU.ActiveCfg = Debug|Any CPU
		{8F58FCD7-EC8D-4625-AC04-147F28142F56}.Debug|Any CPU.Build.0 = Debug|Any CPU
		{8F58FCD7-EC8D-4625-AC04-147F28142F56}.Release|Any CPU.ActiveCfg = Release|Any CPU
		{8F58FCD7-EC8D-4625-AC04-147F28142F56}.Release|Any CPU.Build.0 = Release|Any CPU
		{EC769BE9-D25E-4A63-BD67-117EC9EB0E19}.Debug|Any CPU.ActiveCfg = Debug|Any CPU
		{EC769BE9-D25E-4A63-BD67-117EC9EB0E19}.Debug|Any CPU.Build.0 = Debug|Any CPU
		{EC769BE9-D25E-4A63-BD67-117EC9EB0E19}.Release|Any CPU.ActiveCfg = Release|Any CPU
		{EC769BE9-D25E-4A63-BD67-117EC9EB0E19}.Release|Any CPU.Build.0 = Release|Any CPU
		{72E59763-455C-494E-98D6-253A4A7245CA}.Debug|Any CPU.ActiveCfg = Debug|Any CPU
		{72E59763-455C-494E-98D6-253A4A7245CA}.Debug|Any CPU.Build.0 = Debug|Any CPU
		{72E59763-455C-494E-98D6-253A4A7245CA}.Release|Any CPU.ActiveCfg = Release|Any CPU
		{72E59763-455C-494E-98D6-253A4A7245CA}.Release|Any CPU.Build.0 = Release|Any CPU
		{E3569904-2212-4D8C-893A-67CBDDC60B3F}.Debug|Any CPU.ActiveCfg = Debug|Any CPU
		{E3569904-2212-4D8C-893A-67CBDDC60B3F}.Debug|Any CPU.Build.0 = Debug|Any CPU
		{E3569904-2212-4D8C-893A-67CBDDC60B3F}.Release|Any CPU.ActiveCfg = Release|Any CPU
		{E3569904-2212-4D8C-893A-67CBDDC60B3F}.Release|Any CPU.Build.0 = Release|Any CPU
		{10956496-9FFA-4F04-A43F-E42A00853728}.Debug|Any CPU.ActiveCfg = Debug|Any CPU
		{10956496-9FFA-4F04-A43F-E42A00853728}.Debug|Any CPU.Build.0 = Debug|Any CPU
		{10956496-9FFA-4F04-A43F-E42A00853728}.Release|Any CPU.ActiveCfg = Release|Any CPU
		{10956496-9FFA-4F04-A43F-E42A00853728}.Release|Any CPU.Build.0 = Release|Any CPU
		{3B105BB8-BCAF-45F4-A821-6151C4B16D41}.Debug|Any CPU.ActiveCfg = Debug|Any CPU
		{3B105BB8-BCAF-45F4-A821-6151C4B16D41}.Debug|Any CPU.Build.0 = Debug|Any CPU
		{3B105BB8-BCAF-45F4-A821-6151C4B16D41}.Release|Any CPU.ActiveCfg = Release|Any CPU
		{3B105BB8-BCAF-45F4-A821-6151C4B16D41}.Release|Any CPU.Build.0 = Release|Any CPU
		{19B813D3-EDEC-4C35-A33B-4BB2A88D358B}.Debug|Any CPU.ActiveCfg = Debug|Any CPU
		{19B813D3-EDEC-4C35-A33B-4BB2A88D358B}.Debug|Any CPU.Build.0 = Debug|Any CPU
		{19B813D3-EDEC-4C35-A33B-4BB2A88D358B}.Release|Any CPU.ActiveCfg = Release|Any CPU
		{19B813D3-EDEC-4C35-A33B-4BB2A88D358B}.Release|Any CPU.Build.0 = Release|Any CPU
	EndGlobalSection
	GlobalSection(SolutionProperties) = preSolution
		HideSolutionNode = FALSE
	EndGlobalSection
	GlobalSection(ExtensibilityGlobals) = postSolution
		SolutionGuid = {88A10364-EA77-4BD4-B750-FC18448BC560}
	EndGlobalSection
EndGlobal
